
Microsoft Visual Studio Solution File, Format Version 12.00
# Visual Studio Version 17
VisualStudioVersion = 17.2.32630.192
MinimumVisualStudioVersion = 10.0.40219.1
Project("{FAE04EC0-301F-11D3-BF4B-00C04F79EFBC}") = "ToDo Application", "ToDo Application.csproj", "{AE71AB53-9835-4E5C-834C-A33026870466}"
EndProject
Global
	GlobalSection(SolutionConfigurationPlatforms) = preSolution
		Debug|Any CPU = Debug|Any CPU
		Release|Any CPU = Release|Any CPU
	EndGlobalSection
	GlobalSection(ProjectConfigurationPlatforms) = postSolution
		{AE71AB53-9835-4E5C-834C-A33026870466}.Debug|Any CPU.ActiveCfg = Debug|Any CPU
		{AE71AB53-9835-4E5C-834C-A33026870466}.Debug|Any CPU.Build.0 = Debug|Any CPU
		{AE71AB53-9835-4E5C-834C-A33026870466}.Release|Any CPU.ActiveCfg = Release|Any CPU
		{AE71AB53-9835-4E5C-834C-A33026870466}.Release|Any CPU.Build.0 = Release|Any CPU
	EndGlobalSection
	GlobalSection(SolutionProperties) = preSolution
		HideSolutionNode = FALSE
	EndGlobalSection
	GlobalSection(ExtensibilityGlobals) = postSolution
		SolutionGuid = {495E452A-CE92-4AF8-8D0E-CBB99041F52B}
	EndGlobalSection
EndGlobal
